
Microsoft Visual Studio Solution File, Format Version 12.00
# Visual Studio Version 16
VisualStudioVersion = 16.0.30503.244
MinimumVisualStudioVersion = 10.0.40219.1
Project("{FAE04EC0-301F-11D3-BF4B-00C04F79EFBC}") = "Numeroaletra", "Numeroaletra\Numeroaletra.csproj", "{A541CDF8-D77F-46D2-AD1E-846262EA9A27}"
EndProject
Global
	GlobalSection(SolutionConfigurationPlatforms) = preSolution
		Debug|Any CPU = Debug|Any CPU
		Release|Any CPU = Release|Any CPU
	EndGlobalSection
	GlobalSection(ProjectConfigurationPlatforms) = postSolution
		{A541CDF8-D77F-46D2-AD1E-846262EA9A27}.Debug|Any CPU.ActiveCfg = Debug|Any CPU
		{A541CDF8-D77F-46D2-AD1E-846262EA9A27}.Debug|Any CPU.Build.0 = Debug|Any CPU
		{A541CDF8-D77F-46D2-AD1E-846262EA9A27}.Release|Any CPU.ActiveCfg = Release|Any CPU
		{A541CDF8-D77F-46D2-AD1E-846262EA9A27}.Release|Any CPU.Build.0 = Release|Any CPU
	EndGlobalSection
	GlobalSection(SolutionProperties) = preSolution
		HideSolutionNode = FALSE
	EndGlobalSection
	GlobalSection(ExtensibilityGlobals) = postSolution
		SolutionGuid = {ED3A3781-29E5-454D-92F9-1E2618CCFD73}
	EndGlobalSection
EndGlobal
